{
  "version": 4,
  "terraform_version": "0.14.10",
  "serial": 6,
  "lineage": "2a77ec03-c2e5-259e-c637-707970de1122",
  "outputs": {
    "rg": {
      "value": "amlv2test346",
      "type": "string"
    }
  },
  "resources": [
    {
      "mode": "data",
      "type": "azurerm_client_config",
      "name": "current",
      "provider": "provider[\"registry.terraform.io/hashicorp/azurerm\"]",
      "instances": [
        {
          "schema_version": 0,
          "attributes": {
            "client_id": "04b07795-8ddb-461a-bbee-02f9e1bf7b46",
            "id": "2021-08-19 14:18:05.1881929 +0000 UTC",
            "object_id": "10984c18-506a-4de9-a957-e64efe0e8a96",
            "subscription_id": "cf48479b-e351-4599-8588-4867340afcce",
            "tenant_id": "72f988bf-86f1-41af-91ab-2d7cd011db47",
            "timeouts": null
          },
          "sensitive_attributes": []
        }
      ]
    },
    {
      "mode": "managed",
      "type": "azurerm_resource_group",
      "name": "amlrg",
      "provider": "provider[\"registry.terraform.io/hashicorp/azurerm\"]",
      "instances": [
        {
          "schema_version": 0,
          "attributes": {
            "id": "/subscriptions/cf48479b-e351-4599-8588-4867340afcce/resourceGroups/amlv2test346",
            "location": "uksouth",
            "name": "amlv2test346",
            "tags": {
              "managed": "tf"
            },
            "timeouts": null
          },
          "sensitive_attributes": [],
          "private": "eyJlMmJmYjczMC1lY2FhLTExZTYtOGY4OC0zNDM2M2JjN2M0YzAiOnsiY3JlYXRlIjo1NDAwMDAwMDAwMDAwLCJkZWxldGUiOjU0MDAwMDAwMDAwMDAsInJlYWQiOjMwMDAwMDAwMDAwMCwidXBkYXRlIjo1NDAwMDAwMDAwMDAwfX0=",
          "dependencies": [
            "random_integer.deployment"
          ]
        }
      ]
    },
    {
      "mode": "managed",
      "type": "azurerm_storage_account",
      "name": "amlstorage",
      "provider": "provider[\"registry.terraform.io/hashicorp/azurerm\"]",
      "instances": [
        {
          "schema_version": 2,
          "attributes": {
            "access_tier": "Hot",
            "account_kind": "StorageV2",
            "account_replication_type": "LRS",
            "account_tier": "Standard",
            "allow_blob_public_access": false,
            "azure_files_authentication": [],
            "blob_properties": [
              {
                "change_feed_enabled": false,
                "container_delete_retention_policy": [],
                "cors_rule": [],
                "default_service_version": "",
                "delete_retention_policy": [],
                "last_access_time_enabled": false,
                "versioning_enabled": false
              }
            ],
            "custom_domain": [],
            "enable_https_traffic_only": true,
            "id": "/subscriptions/cf48479b-e351-4599-8588-4867340afcce/resourceGroups/amlv2test346/providers/Microsoft.Storage/storageAccounts/amlv2test346storage",
            "identity": [],
            "is_hns_enabled": false,
            "large_file_share_enabled": null,
            "location": "uksouth",
            "min_tls_version": "TLS1_0",
            "name": "amlv2test346storage",
            "network_rules": [
              {
                "bypass": [
                  "AzureServices"
                ],
                "default_action": "Allow",
                "ip_rules": [],
                "private_link_access": [],
                "virtual_network_subnet_ids": []
              }
            ],
            "nfsv3_enabled": false,
            "primary_access_key": "J1eO2BB/vS2iaYwEmiD+tNd1Ju9oKRYbDCvQtmY2A0YRJN8uvNrJxZpZL37k6d+M6QwRCIAVgitAmU3G8TurKA==",
            "primary_blob_connection_string": "DefaultEndpointsProtocol=https;BlobEndpoint=https://amlv2test346storage.blob.core.windows.net/;AccountName=amlv2test346storage;AccountKey=J1eO2BB/vS2iaYwEmiD+tNd1Ju9oKRYbDCvQtmY2A0YRJN8uvNrJxZpZL37k6d+M6QwRCIAVgitAmU3G8TurKA==",
            "primary_blob_endpoint": "https://amlv2test346storage.blob.core.windows.net/",
            "primary_blob_host": "amlv2test346storage.blob.core.windows.net",
            "primary_connection_string": "DefaultEndpointsProtocol=https;AccountName=amlv2test346storage;AccountKey=J1eO2BB/vS2iaYwEmiD+tNd1Ju9oKRYbDCvQtmY2A0YRJN8uvNrJxZpZL37k6d+M6QwRCIAVgitAmU3G8TurKA==;EndpointSuffix=core.windows.net",
            "primary_dfs_endpoint": "https://amlv2test346storage.dfs.core.windows.net/",
            "primary_dfs_host": "amlv2test346storage.dfs.core.windows.net",
            "primary_file_endpoint": "https://amlv2test346storage.file.core.windows.net/",
            "primary_file_host": "amlv2test346storage.file.core.windows.net",
            "primary_location": "uksouth",
            "primary_queue_endpoint": "https://amlv2test346storage.queue.core.windows.net/",
            "primary_queue_host": "amlv2test346storage.queue.core.windows.net",
            "primary_table_endpoint": "https://amlv2test346storage.table.core.windows.net/",
            "primary_table_host": "amlv2test346storage.table.core.windows.net",
            "primary_web_endpoint": "https://amlv2test346storage.z33.web.core.windows.net/",
            "primary_web_host": "amlv2test346storage.z33.web.core.windows.net",
            "queue_properties": [
              {
                "cors_rule": [],
                "hour_metrics": [
                  {
                    "enabled": true,
                    "include_apis": true,
                    "retention_policy_days": 7,
                    "version": "1.0"
                  }
                ],
                "logging": [
                  {
                    "delete": false,
                    "read": false,
                    "retention_policy_days": 0,
                    "version": "1.0",
                    "write": false
                  }
                ],
                "minute_metrics": [
                  {
                    "enabled": false,
                    "include_apis": false,
                    "retention_policy_days": 0,
                    "version": "1.0"
                  }
                ]
              }
            ],
            "resource_group_name": "amlv2test346",
            "routing": [],
            "secondary_access_key": "RwKNv9em6aL6o/eOyGuLW7d5KI5rkJ+VGlyYud00POPYP98tHadA7hQ2I4E9IF0Q8E+Y3j6/k6o+FUntauXhIg==",
            "secondary_blob_connection_string": "",
            "secondary_blob_endpoint": null,
            "secondary_blob_host": null,
            "secondary_connection_string": "DefaultEndpointsProtocol=https;AccountName=amlv2test346storage;AccountKey=RwKNv9em6aL6o/eOyGuLW7d5KI5rkJ+VGlyYud00POPYP98tHadA7hQ2I4E9IF0Q8E+Y3j6/k6o+FUntauXhIg==;EndpointSuffix=core.windows.net",
            "secondary_dfs_endpoint": null,
            "secondary_dfs_host": null,
            "secondary_file_endpoint": null,
            "secondary_file_host": null,
            "secondary_location": "",
            "secondary_queue_endpoint": null,
            "secondary_queue_host": null,
            "secondary_table_endpoint": null,
            "secondary_table_host": null,
            "secondary_web_endpoint": null,
            "secondary_web_host": null,
            "static_website": [],
            "tags": null,
            "timeouts": null
          },
          "sensitive_attributes": [],
          "private": "eyJlMmJmYjczMC1lY2FhLTExZTYtOGY4OC0zNDM2M2JjN2M0YzAiOnsiY3JlYXRlIjozNjAwMDAwMDAwMDAwLCJkZWxldGUiOjM2MDAwMDAwMDAwMDAsInJlYWQiOjMwMDAwMDAwMDAwMCwidXBkYXRlIjozNjAwMDAwMDAwMDAwfSwic2NoZW1hX3ZlcnNpb24iOiIyIn0=",
          "dependencies": [
            "azurerm_resource_group.amlrg",
            "random_integer.deployment"
          ]
        }
      ]
    },
    {
      "mode": "managed",
      "type": "random_integer",
      "name": "deployment",
      "provider": "provider[\"registry.terraform.io/hashicorp/random\"]",
      "instances": [
        {
          "schema_version": 0,
          "attributes": {
            "id": "346",
            "keepers": null,
            "max": 999,
            "min": 101,
            "result": 346,
            "seed": null
          },
          "sensitive_attributes": [],
          "private": "bnVsbA=="
        }
      ]
    }
  ]
}
